<?xml version="1.0" encoding="utf-8"?>
<Project ToolsVersion="4.0" xmlns="http://schemas.microsoft.com/developer/msbuild/2003">
  <ItemGroup>
    <Filter Include="Source Files">
      <UniqueIdentifier>{b46c6a14-cda8-4552-810f-97ed0f17d30d}</UniqueIdentifier>
      <Extensions>cpp;c;cxx;rc;def;r;odl;idl;hpj;bat</Extensions>
    </Filter>
    <Filter Include="Header Files">
      <UniqueIdentifier>{dd80cc0d-c2aa-4363-8853-0be60a1f6747}</UniqueIdentifier>
      <Extensions>h;hpp;hxx;hm;inl</Extensions>
    </Filter>
    <Filter Include="Resource Files">
      <UniqueIdentifier>{0bbc609e-4d9f-4d7f-81d8-e1fbece798f6}</UniqueIdentifier>
      <Extensions>ico;cur;bmp;dlg;rc2;rct;bin;rgs;gif;jpg;jpeg;jpe</Extensions>
    </Filter>
    <Filter Include="Other">
      <UniqueIdentifier>{149b0aef-9c93-42e0-9370-6a7298e91ffa}</UniqueIdentifier>
    </Filter>
    <Filter Include="Other\extras">
      <UniqueIdentifier>{f4ba7b2e-b161-4bea-8393-950f5ce075c1}</UniqueIdentifier>
      <Extensions>cpp;h</Extensions>
    </Filter>
    <Filter Include="Other\utils">
      <UniqueIdentifier>{eada8831-cd0c-41fd-95a6-990d83837bd4}</UniqueIdentifier>
    </Filter>
    <Filter Include="Other\WTL">
      <UniqueIdentifier>{0ffd786b-ad27-4175-a1d4-8942ab2e926a}</UniqueIdentifier>
    </Filter>
    <Filter Include="Other\XMLSerializer">
      <UniqueIdentifier>{74051783-a730-4176-91c7-559fd3ffb6ec}</UniqueIdentifier>
    </Filter>
  </ItemGroup>
  <ItemGroup>
    <ClCompile Include="Source\AboutBox.cpp">
      <Filter>Source Files</Filter>
    </ClCompile>
    <ClCompile Include="Source\apputils.cpp">
      <Filter>Source Files</Filter>
    </ClCompile>
    <ClCompile Include="Source\DocumentTree.cpp">
      <Filter>Source Files</Filter>
    </ClCompile>
    <ClCompile Include="Source\ElementDescMnr.cpp">
      <Filter>Source Files</Filter>
    </ClCompile>
    <ClCompile Include="Source\ElementDescriptor.cpp">
      <Filter>Source Files</Filter>
    </ClCompile>
    <ClCompile Include="Source\ExternalHelper.cpp">
      <Filter>Source Files</Filter>
    </ClCompile>
    <ClCompile Include="Source\FBDoc.cpp">
      <Filter>Source Files</Filter>
    </ClCompile>
    <ClCompile Include="Source\FBE.cpp">
      <Filter>Source Files</Filter>
    </ClCompile>
    <ClCompile Include="Source\FBEview.cpp">
      <Filter>Source Files</Filter>
    </ClCompile>
    <ClCompile Include="Source\GLLogo.cpp">
      <Filter>Source Files</Filter>
    </ClCompile>
    <ClCompile Include="Source\mainfrm.cpp">
      <Filter>Source Files</Filter>
    </ClCompile>
    <ClCompile Include="Source\OptDlg.cpp">
      <Filter>Source Files</Filter>
    </ClCompile>
    <ClCompile Include="Source\script.cpp">
      <Filter>Source Files</Filter>
    </ClCompile>
    <ClCompile Include="Source\Settings.cpp">
      <Filter>Source Files</Filter>
    </ClCompile>
    <ClCompile Include="Source\SettingsDlg.cpp">
      <Filter>Source Files</Filter>
    </ClCompile>
    <ClCompile Include="Source\SettingsHotkeysDlg.cpp">
      <Filter>Source Files</Filter>
    </ClCompile>
    <ClCompile Include="Source\SettingsOtherDlg.cpp">
      <Filter>Source Files</Filter>
    </ClCompile>
    <ClCompile Include="Source\SettingsWordsDlg.cpp">
      <Filter>Source Files</Filter>
    </ClCompile>
    <ClCompile Include="Source\Speller.cpp">
      <Filter>Source Files</Filter>
    </ClCompile>
    <ClCompile Include="Source\Splitter.cpp">
      <Filter>Source Files</Filter>
    </ClCompile>
    <ClCompile Include="Source\stdafx.cpp">
      <Filter>Source Files</Filter>
    </ClCompile>
    <ClCompile Include="Source\TreeView.cpp">
      <Filter>Source Files</Filter>
    </ClCompile>
    <ClCompile Include="Source\Words.cpp">
      <Filter>Source Files</Filter>
    </ClCompile>
    <ClCompile Include="Source\xmlMatchedTagsHighlighter.cpp">
      <Filter>Source Files</Filter>
    </ClCompile>
    <ClCompile Include="Source\extras\ColorButton.cpp">
      <Filter>Other\extras</Filter>
    </ClCompile>
    <ClCompile Include="Source\XMLSerializer\XMLSerializer.cpp">
      <Filter>Other\XMLSerializer</Filter>
    </ClCompile>
    <ClCompile Include="Source\utils\Utils.cpp">
      <Filter>Other\utils</Filter>
    </ClCompile>
    <ClCompile Include="Source\ScriptUpdate.cpp">
      <Filter>Source Files</Filter>
    </ClCompile>
    <ClCompile Include="..\lib\miniz\miniz.c">
      <Filter>Source Files</Filter>
    </ClCompile>
    <ClCompile Include="..\lib\nativefiledialog-extended\src\nfd_win.cpp">
      <Filter>Source Files</Filter>
    </ClCompile>
  </ItemGroup>
  <ItemGroup>
    <Midl Include="Source\fbe.idl">
      <Filter>Source Files</Filter>
    </Midl>
  </ItemGroup>
  <ItemGroup>
    <ClInclude Include="Source\extras\atlcrypt.h">
      <Filter>Other\extras</Filter>
    </ClInclude>
    <ClInclude Include="Source\extras\atlctrlsext.h">
      <Filter>Other\extras</Filter>
    </ClInclude>
    <ClInclude Include="Source\extras\atlgdix.h">
      <Filter>Other\extras</Filter>
    </ClInclude>
    <ClInclude Include="Source\extras\ColorButton.h">
      <Filter>Other\extras</Filter>
    </ClInclude>
    <ClInclude Include="Source\extras\http_download.h">
      <Filter>Other\extras</Filter>
    </ClInclude>
    <ClInclude Include="Source\extras\MD5.h">
      <Filter>Other\extras</Filter>
    </ClInclude>
    <ClInclude Include="Source\AboutBox.h">
      <Filter>Header Files</Filter>
    </ClInclude>
    <ClInclude Include="Source\ScriptUpdate.h">
      <Filter>Header Files</Filter>
    </ClInclude>
    <ClInclude Include="Source\wtl\atlapp.h">
      <Filter>Other\WTL</Filter>
    </ClInclude>
    <ClInclude Include="Source\wtl\atluser.h">
      <Filter>Other\WTL</Filter>
    </ClInclude>
    <ClInclude Include="Source\wtl\atlcrack.h">
      <Filter>Other\WTL</Filter>
    </ClInclude>
    <ClInclude Include="Source\wtl\atlctrls.h">
      <Filter>Other\WTL</Filter>
    </ClInclude>
    <ClInclude Include="Source\wtl\atlctrlw.h">
      <Filter>Other\WTL</Filter>
    </ClInclude>
    <ClInclude Include="Source\wtl\atlctrlx.h">
      <Filter>Other\WTL</Filter>
    </ClInclude>
    <ClInclude Include="Source\wtl\atlddx.h">
      <Filter>Other\WTL</Filter>
    </ClInclude>
    <ClInclude Include="Source\wtl\atldlgs.h">
      <Filter>Other\WTL</Filter>
    </ClInclude>
    <ClInclude Include="Source\wtl\atlframe.h">
      <Filter>Other\WTL</Filter>
    </ClInclude>
    <ClInclude Include="Source\wtl\atlgdi.h">
      <Filter>Other\WTL</Filter>
    </ClInclude>
    <ClInclude Include="Source\wtl\atlmisc.h">
      <Filter>Other\WTL</Filter>
    </ClInclude>
    <ClInclude Include="Source\wtl\atlprint.h">
      <Filter>Other\WTL</Filter>
    </ClInclude>
    <ClInclude Include="Source\wtl\atlres.h">
      <Filter>Other\WTL</Filter>
    </ClInclude>
    <ClInclude Include="Source\wtl\atlscrl.h">
      <Filter>Other\WTL</Filter>
    </ClInclude>
    <ClInclude Include="Source\wtl\atlsplit.h">
      <Filter>Other\WTL</Filter>
    </ClInclude>
    <ClInclude Include="Source\wtl\atltheme.h">
      <Filter>Other\WTL</Filter>
    </ClInclude>
    <ClInclude Include="Source\atlimage.h">
      <Filter>Header Files</Filter>
    </ClInclude>
    <ClInclude Include="Source\XMLSerializer\Serializable.h">
      <Filter>Other\XMLSerializer</Filter>
    </ClInclude>
    <ClInclude Include="Source\XMLSerializer\XMLSerializer.h">
      <Filter>Other\XMLSerializer</Filter>
    </ClInclude>
    <ClInclude Include="Source\utils\CFileDialogEx.h">
      <Filter>Other\utils</Filter>
    </ClInclude>
    <ClInclude Include="Source\utils\utils.h">
      <Filter>Other\utils</Filter>
    </ClInclude>
    <ClInclude Include="Source\apputils.h">
      <Filter>Header Files</Filter>
    </ClInclude>
    <ClInclude Include="Source\xmlMatchedTagsHighlighter.h">
      <Filter>Header Files</Filter>
    </ClInclude>
    <ClInclude Include="Source\ContainerWnd.h">
      <Filter>Header Files</Filter>
    </ClInclude>
    <ClInclude Include="Source\DocumentTree.h">
      <Filter>Header Files</Filter>
    </ClInclude>
    <ClInclude Include="Source\ElementDescMnr.h">
      <Filter>Header Files</Filter>
    </ClInclude>
    <ClInclude Include="Source\ElementDescriptor.h">
      <Filter>Header Files</Filter>
    </ClInclude>
    <ClInclude Include="Source\ErrsEx.h">
      <Filter>Header Files</Filter>
    </ClInclude>
    <ClInclude Include="Source\ExternalHelper.h">
      <Filter>Header Files</Filter>
    </ClInclude>
    <ClInclude Include="Source\FBDoc.h">
      <Filter>Header Files</Filter>
    </ClInclude>
    <ClInclude Include="Source\FBEview.h">
      <Filter>Header Files</Filter>
    </ClInclude>
    <ClInclude Include="Source\GLLogo.h">
      <Filter>Header Files</Filter>
    </ClInclude>
    <ClInclude Include="Source\mainfrm.h">
      <Filter>Header Files</Filter>
    </ClInclude>
    <ClInclude Include="Source\MemProtocol.h">
      <Filter>Header Files</Filter>
    </ClInclude>
    <ClInclude Include="Source\ModelessDialog.h">
      <Filter>Header Files</Filter>
    </ClInclude>
    <ClInclude Include="Source\OptDlg.h">
      <Filter>Header Files</Filter>
    </ClInclude>
    <ClInclude Include="Source\res1.h">
      <Filter>Header Files</Filter>
    </ClInclude>
    <ClInclude Include="Source\resource.h">
      <Filter>Header Files</Filter>
    </ClInclude>
    <ClInclude Include="Source\SearchReplace.h">
      <Filter>Header Files</Filter>
    </ClInclude>
    <ClInclude Include="Source\Settings.h">
      <Filter>Header Files</Filter>
    </ClInclude>
    <ClInclude Include="Source\SettingsDlg.h">
      <Filter>Header Files</Filter>
    </ClInclude>
    <ClInclude Include="Source\SettingsHotkeysDlg.h">
      <Filter>Header Files</Filter>
    </ClInclude>
    <ClInclude Include="Source\SettingsOtherDlg.h">
      <Filter>Header Files</Filter>
    </ClInclude>
    <ClInclude Include="Source\SettingsWordsDlg.h">
      <Filter>Header Files</Filter>
    </ClInclude>
    <ClInclude Include="Source\Speller.h">
      <Filter>Header Files</Filter>
    </ClInclude>
    <ClInclude Include="Source\Splitter.h">
      <Filter>Header Files</Filter>
    </ClInclude>
    <ClInclude Include="Source\stdafx.h">
      <Filter>Header Files</Filter>
    </ClInclude>
    <ClInclude Include="Source\TreeView.h">
      <Filter>Header Files</Filter>
    </ClInclude>
    <ClInclude Include="Source\Words.h">
      <Filter>Header Files</Filter>
    </ClInclude>
  </ItemGroup>
  <ItemGroup>
    <None Include="Source\res\center.bmp">
      <Filter>Resource Files</Filter>
    </None>
    <None Include="Source\res\doc.bmp">
      <Filter>Resource Files</Filter>
    </None>
    <None Include="Source\res\document.bmp">
      <Filter>Resource Files</Filter>
    </None>
    <None Include="Source\res\Fb2-shema.bmp">
      <Filter>Resource Files</Filter>
    </None>
    <None Include="Source\res\FBE.ico">
      <Filter>Resource Files</Filter>
    </None>
    <None Include="Source\res\FBE2.ico">
      <Filter>Resource Files</Filter>
    </None>
    <None Include="Source\res\green.bmp">
      <Filter>Resource Files</Filter>
    </None>
    <None Include="Source\res\html.bmp">
      <Filter>Resource Files</Filter>
    </None>
    <None Include="Source\res\orange.bmp">
      <Filter>Resource Files</Filter>
    </None>
    <None Include="Source\res\other.bmp">
      <Filter>Resource Files</Filter>
    </None>
    <None Include="Source\res\prc.bmp">
      <Filter>Resource Files</Filter>
    </None>
    <None Include="Source\res\Scripts.bmp">
      <Filter>Resource Files</Filter>
    </None>
    <None Include="Source\res\struct.bmp">
      <Filter>Resource Files</Filter>
    </None>
    <None Include="Source\res\text.bmp">
      <Filter>Resource Files</Filter>
    </None>
    <None Include="Source\res\Toolbar.bmp">
      <Filter>Resource Files</Filter>
    </None>
    <None Include="Source\res\Toolbar_small.bmp">
      <Filter>Resource Files</Filter>
    </None>
    <None Include="Source\res\wordstat.bmp">
      <Filter>Resource Files</Filter>
    </None>
    <None Include="Source\res\xml.bmp">
      <Filter>Resource Files</Filter>
    </None>
    <None Include="Source\extras\atlcrypt.inl">
      <Filter>Other\extras</Filter>
    </None>
  </ItemGroup>
  <ItemGroup>
    <Manifest Include="Source\res\FBE.exe.manifest">
      <Filter>Resource Files</Filter>
    </Manifest>
  </ItemGroup>
  <ItemGroup>
    <ResourceCompile Include="Source\FBE.rc">
      <Filter>Resource Files</Filter>
    </ResourceCompile>
  </ItemGroup>
  <ItemGroup>
    <Image Include="Source\res\update.bmp">
      <Filter>Resource Files</Filter>
    </Image>
    <Image Include="Source\res\ok.bmp">
      <Filter>Resource Files</Filter>
    </Image>
    <Image Include="Source\res\Icon_25.bmp">
      <Filter>Resource Files</Filter>
    </Image>
    <Image Include="Source\res\Icon_24.bmp">
      <Filter>Resource Files</Filter>
    </Image>
    <Image Include="Source\res\Icon_23.bmp">
      <Filter>Resource Files</Filter>
    </Image>
    <Image Include="Source\res\Icon_22.bmp">
      <Filter>Resource Files</Filter>
    </Image>
    <Image Include="Source\res\Icon_21.bmp">
      <Filter>Resource Files</Filter>
    </Image>
    <Image Include="Source\res\Icon_20.bmp">
      <Filter>Resource Files</Filter>
    </Image>
    <Image Include="Source\res\Icon_19.bmp">
      <Filter>Resource Files</Filter>
    </Image>
    <Image Include="Source\res\Icon_18.bmp">
      <Filter>Resource Files</Filter>
    </Image>
    <Image Include="Source\res\Icon_17.bmp">
      <Filter>Resource Files</Filter>
    </Image>
    <Image Include="Source\res\Icon_16.bmp">
      <Filter>Resource Files</Filter>
    </Image>
    <Image Include="Source\res\Icon_15.bmp">
      <Filter>Resource Files</Filter>
    </Image>
    <Image Include="Source\res\Icon_14.bmp">
      <Filter>Resource Files</Filter>
    </Image>
    <Image Include="Source\res\Icon_13.bmp">
      <Filter>Resource Files</Filter>
    </Image>
    <Image Include="Source\res\Icon_12.bmp">
      <Filter>Resource Files</Filter>
    </Image>
    <Image Include="Source\res\Icon_11.bmp">
      <Filter>Resource Files</Filter>
    </Image>
    <Image Include="Source\res\Icon_10.bmp">
      <Filter>Resource Files</Filter>
    </Image>
    <Image Include="Source\res\Icon_09.bmp">
      <Filter>Resource Files</Filter>
    </Image>
    <Image Include="Source\res\Icon_08.bmp">
      <Filter>Resource Files</Filter>
    </Image>
    <Image Include="Source\res\Icon_07.bmp">
      <Filter>Resource Files</Filter>
    </Image>
    <Image Include="Source\res\Icon_06.bmp">
      <Filter>Resource Files</Filter>
    </Image>
    <Image Include="Source\res\Icon_05.bmp">
      <Filter>Resource Files</Filter>
    </Image>
    <Image Include="Source\res\Icon_04.bmp">
      <Filter>Resource Files</Filter>
    </Image>
    <Image Include="Source\res\Icon_03.bmp">
      <Filter>Resource Files</Filter>
    </Image>
    <Image Include="Source\res\Icon_02.bmp">
      <Filter>Resource Files</Filter>
    </Image>
    <Image Include="Source\res\error.bmp">
      <Filter>Resource Files</Filter>
    </Image>
  </ItemGroup>
</Project>